
Microsoft Visual Studio Solution File, Format Version 12.00
# Visual Studio Version 16
VisualStudioVersion = 16.0.31321.278
MinimumVisualStudioVersion = 10.0.40219.1
Project("{FAE04EC0-301F-11D3-BF4B-00C04F79EFBC}") = "CSharp_悬浮球", "CSharp_悬浮球.csproj", "{CD42C74B-9C22-42AE-BD3F-0C9CC3175A3E}"
EndProject
Global
	GlobalSection(SolutionConfigurationPlatforms) = preSolution
		Debug|Any CPU = Debug|Any CPU
		Release|Any CPU = Release|Any CPU
	EndGlobalSection
	GlobalSection(ProjectConfigurationPlatforms) = postSolution
		{CD42C74B-9C22-42AE-BD3F-0C9CC3175A3E}.Debug|Any CPU.ActiveCfg = Debug|Any CPU
		{CD42C74B-9C22-42AE-BD3F-0C9CC3175A3E}.Debug|Any CPU.Build.0 = Debug|Any CPU
		{CD42C74B-9C22-42AE-BD3F-0C9CC3175A3E}.Release|Any CPU.ActiveCfg = Release|Any CPU
		{CD42C74B-9C22-42AE-BD3F-0C9CC3175A3E}.Release|Any CPU.Build.0 = Release|Any CPU
	EndGlobalSection
	GlobalSection(SolutionProperties) = preSolution
		HideSolutionNode = FALSE
	EndGlobalSection
	GlobalSection(ExtensibilityGlobals) = postSolution
		SolutionGuid = {C7464D87-74EE-40A4-A713-068647F97198}
	EndGlobalSection
EndGlobal
